
Microsoft Visual Studio Solution File, Format Version 12.00
# Visual Studio 2013
VisualStudioVersion = 12.0.30723.0
MinimumVisualStudioVersion = 10.0.40219.1
Project("{2150E333-8FDC-42A3-9474-1A3956D46DE8}") = "Solution Items", "Solution Items", "{3C8BFA5A-6A73-45E7-8D0A-408301CA855E}"
	ProjectSection(SolutionItems) = preProject
		CommonAssemblyInfo.cs = CommonAssemblyInfo.cs
		..\LICENSE = ..\LICENSE
		..\README.md = ..\README.md
	EndProjectSection
EndProject
Project("{2150E333-8FDC-42A3-9474-1A3956D46DE8}") = "Git", "Git", "{6B35B520-E988-494B-9C79-68C1A9447DB2}"
	ProjectSection(SolutionItems) = preProject
		..\.gitattributes = ..\.gitattributes
		..\.gitignore = ..\.gitignore
	EndProjectSection
EndProject
Project("{FAE04EC0-301F-11D3-BF4B-00C04F79EFBC}") = "TimeTracker.Specifications", "TimeTracker.Specifications\TimeTracker.Specifications.csproj", "{35D68E0E-6553-4F49-94C4-CD75029CE853}"
EndProject
Project("{FAE04EC0-301F-11D3-BF4B-00C04F79EFBC}") = "TimeTracker.WebApplication", "TimeTracker.WebApplication\TimeTracker.WebApplication.csproj", "{5943B54C-D4A3-4D0D-9617-614A48069D63}"
EndProject
Project("{FAE04EC0-301F-11D3-BF4B-00C04F79EFBC}") = "TimeTracker.Domain", "TimeTracker.Domain\TimeTracker.Domain.csproj", "{02BE6A3E-673D-4044-933E-E668FAAD5322}"
EndProject
Project("{FAE04EC0-301F-11D3-BF4B-00C04F79EFBC}") = "TimeTracker.Domain.Infrastructure", "TimeTracker.Domain.Infrastructure\TimeTracker.Domain.Infrastructure.csproj", "{39C3B16D-2128-4C3D-9D75-3042C469E497}"
EndProject
Global
	GlobalSection(SolutionConfigurationPlatforms) = preSolution
		Debug|Any CPU = Debug|Any CPU
		Release|Any CPU = Release|Any CPU
	EndGlobalSection
	GlobalSection(ProjectConfigurationPlatforms) = postSolution
		{35D68E0E-6553-4F49-94C4-CD75029CE853}.Debug|Any CPU.ActiveCfg = Debug|Any CPU
		{35D68E0E-6553-4F49-94C4-CD75029CE853}.Debug|Any CPU.Build.0 = Debug|Any CPU
		{35D68E0E-6553-4F49-94C4-CD75029CE853}.Release|Any CPU.ActiveCfg = Release|Any CPU
		{35D68E0E-6553-4F49-94C4-CD75029CE853}.Release|Any CPU.Build.0 = Release|Any CPU
		{5943B54C-D4A3-4D0D-9617-614A48069D63}.Debug|Any CPU.ActiveCfg = Debug|Any CPU
		{5943B54C-D4A3-4D0D-9617-614A48069D63}.Debug|Any CPU.Build.0 = Debug|Any CPU
		{5943B54C-D4A3-4D0D-9617-614A48069D63}.Release|Any CPU.ActiveCfg = Release|Any CPU
		{5943B54C-D4A3-4D0D-9617-614A48069D63}.Release|Any CPU.Build.0 = Release|Any CPU
		{02BE6A3E-673D-4044-933E-E668FAAD5322}.Debug|Any CPU.ActiveCfg = Debug|Any CPU
		{02BE6A3E-673D-4044-933E-E668FAAD5322}.Debug|Any CPU.Build.0 = Debug|Any CPU
		{02BE6A3E-673D-4044-933E-E668FAAD5322}.Release|Any CPU.ActiveCfg = Release|Any CPU
		{02BE6A3E-673D-4044-933E-E668FAAD5322}.Release|Any CPU.Build.0 = Release|Any CPU
		{39C3B16D-2128-4C3D-9D75-3042C469E497}.Debug|Any CPU.ActiveCfg = Debug|Any CPU
		{39C3B16D-2128-4C3D-9D75-3042C469E497}.Debug|Any CPU.Build.0 = Debug|Any CPU
		{39C3B16D-2128-4C3D-9D75-3042C469E497}.Release|Any CPU.ActiveCfg = Release|Any CPU
		{39C3B16D-2128-4C3D-9D75-3042C469E497}.Release|Any CPU.Build.0 = Release|Any CPU
	EndGlobalSection
	GlobalSection(SolutionProperties) = preSolution
		HideSolutionNode = FALSE
	EndGlobalSection
	GlobalSection(NestedProjects) = preSolution
		{6B35B520-E988-494B-9C79-68C1A9447DB2} = {3C8BFA5A-6A73-45E7-8D0A-408301CA855E}
	EndGlobalSection
EndGlobal
